// !$*UTF8*$!
{
	archiveVersion = 1;
	classes = {
	};
	objectVersion = 46;
	objects = {

/* Begin PBXBuildFile section */
		45B57F9D1694B7B800153631 /* Foundation.framework in Frameworks */ = {isa = PBXBuildFile; fileRef = 45B57F9C1694B7B800153631 /* Foundation.framework */; };
		45B57FC81694B83A00153631 /* CMorsel.m in Sources */ = {isa = PBXBuildFile; fileRef = 45B57FB01694B83A00153631 /* CMorsel.m */; };
		45B57FC91694B83A00153631 /* CMorselContext.m in Sources */ = {isa = PBXBuildFile; fileRef = 45B57FB21694B83A00153631 /* CMorselContext.m */; };
		45B57FCA1694B83A00153631 /* CTypeConverter.m in Sources */ = {isa = PBXBuildFile; fileRef = 45B57FB41694B83A00153631 /* CTypeConverter.m */; };
		45B57FCB1694B83A00153631 /* CDebugDictionary.m in Sources */ = {isa = PBXBuildFile; fileRef = 45B57FB71694B83A00153631 /* CDebugDictionary.m */; };
		45B57FCC1694B83A00153631 /* CDebugYAMLDeserializer.m in Sources */ = {isa = PBXBuildFile; fileRef = 45B57FB91694B83A00153631 /* CDebugYAMLDeserializer.m */; };
		45B57FCD1694B83A00153631 /* MorselSupport.m in Sources */ = {isa = PBXBuildFile; fileRef = 45B57FBC1694B83A00153631 /* MorselSupport.m */; };
		45B57FCE1694B83A00153631 /* CColorConverter.m in Sources */ = {isa = PBXBuildFile; fileRef = 45B57FBF1694B83A00153631 /* CColorConverter.m */; };
		45B57FCF1694B83A00153631 /* NSLayoutConstraint+Conveniences.m in Sources */ = {isa = PBXBuildFile; fileRef = 45B57FC31694B83A00153631 /* NSLayoutConstraint+Conveniences.m */; };
		45B57FD11694B83A00153631 /* UIView+MorselExtensions.m in Sources */ = {isa = PBXBuildFile; fileRef = 45B57FC71694B83A00153631 /* UIView+MorselExtensions.m */; };
		45B580DE1694BDB300153631 /* UIKit.framework in Frameworks */ = {isa = PBXBuildFile; fileRef = 45B580DD1694BDB300153631 /* UIKit.framework */; };
		45B580DF1694BDB300153631 /* Foundation.framework in Frameworks */ = {isa = PBXBuildFile; fileRef = 45B57F9C1694B7B800153631 /* Foundation.framework */; };
		45B580E11694BDB300153631 /* CoreGraphics.framework in Frameworks */ = {isa = PBXBuildFile; fileRef = 45B580E01694BDB300153631 /* CoreGraphics.framework */; };
		45B5811A1694BE4700153631 /* Default-568h@2x.png in Resources */ = {isa = PBXBuildFile; fileRef = 45B580F91694BE4700153631 /* Default-568h@2x.png */; };
		45B5811B1694BE4700153631 /* Default.png in Resources */ = {isa = PBXBuildFile; fileRef = 45B580FA1694BE4700153631 /* Default.png */; };
		45B5811C1694BE4700153631 /* Default@2x.png in Resources */ = {isa = PBXBuildFile; fileRef = 45B580FB1694BE4700153631 /* Default@2x.png */; };
		45B5811D1694BE4700153631 /* InfoPlist.strings in Resources */ = {isa = PBXBuildFile; fileRef = 45B580FC1694BE4700153631 /* InfoPlist.strings */; };
		45B5811E1694BE4700153631 /* MainStoryboard_iPad.storyboard in Resources */ = {isa = PBXBuildFile; fileRef = 45B580FE1694BE4700153631 /* MainStoryboard_iPad.storyboard */; };
		45B5811F1694BE4700153631 /* MainStoryboard_iPhone.storyboard in Resources */ = {isa = PBXBuildFile; fileRef = 45B581001694BE4700153631 /* MainStoryboard_iPhone.storyboard */; };
		45B581211694BE4700153631 /* MorselBrowser.entitlements in Resources */ = {isa = PBXBuildFile; fileRef = 45B581031694BE4700153631 /* MorselBrowser.entitlements */; };
		45B581221694BE4700153631 /* CAppDelegate.m in Sources */ = {isa = PBXBuildFile; fileRef = 45B581061694BE4700153631 /* CAppDelegate.m */; };
		45B581231694BE4700153631 /* CBonjourBrowserViewController.m in Sources */ = {isa = PBXBuildFile; fileRef = 45B581081694BE4700153631 /* CBonjourBrowserViewController.m */; };
		45B581241694BE4700153631 /* CLocalMorselsViewController.m in Sources */ = {isa = PBXBuildFile; fileRef = 45B5810A1694BE4700153631 /* CLocalMorselsViewController.m */; };
		45B581251694BE4700153631 /* CMorselViewController.m in Sources */ = {isa = PBXBuildFile; fileRef = 45B5810C1694BE4700153631 /* CMorselViewController.m */; };
		45B581261694BE4700153631 /* CRemoteMorselClient.m in Sources */ = {isa = PBXBuildFile; fileRef = 45B5810E1694BE4700153631 /* CRemoteMorselClient.m */; };
		45B581271694BE4700153631 /* CRemoteMorselContext.m in Sources */ = {isa = PBXBuildFile; fileRef = 45B581101694BE4700153631 /* CRemoteMorselContext.m */; };
		45B581281694BE4700153631 /* CResizerThumb.m in Sources */ = {isa = PBXBuildFile; fileRef = 45B581121694BE4700153631 /* CResizerThumb.m */; };
		45B581291694BE4700153631 /* CTestLoginViewController.m in Sources */ = {isa = PBXBuildFile; fileRef = 45B581141694BE4700153631 /* CTestLoginViewController.m */; };
		45B5812A1694BE4700153631 /* main.m in Sources */ = {isa = PBXBuildFile; fileRef = 45B581151694BE4700153631 /* main.m */; };
		45B5812B1694BE4700153631 /* System.clr in Resources */ = {isa = PBXBuildFile; fileRef = 45B581171694BE4700153631 /* System.clr */; };
		45B5812C1694BE4700153631 /* test.dat in Resources */ = {isa = PBXBuildFile; fileRef = 45B581181694BE4700153631 /* test.dat */; };
		45B5812D1694BE4700153631 /* Thumb.png in Resources */ = {isa = PBXBuildFile; fileRef = 45B581191694BE4700153631 /* Thumb.png */; };
		45B581381694BFA500153631 /* libCocoaYAML.a in Frameworks */ = {isa = PBXBuildFile; fileRef = 45B580A21694B90E00153631 /* libCocoaYAML.a */; };
		45B5813A1694C10600153631 /* Samples in Resources */ = {isa = PBXBuildFile; fileRef = 45B581391694C10600153631 /* Samples */; };
		45B5813B1694C18600153631 /* UIView+MorselExtensions.m in Sources */ = {isa = PBXBuildFile; fileRef = 45B57FC71694B83A00153631 /* UIView+MorselExtensions.m */; };
		45B5813C1694C1D800153631 /* CMorselContext.m in Sources */ = {isa = PBXBuildFile; fileRef = 45B57FB21694B83A00153631 /* CMorselContext.m */; };
		45B5813D1694C1DB00153631 /* CTypeConverter.m in Sources */ = {isa = PBXBuildFile; fileRef = 45B57FB41694B83A00153631 /* CTypeConverter.m */; };
		45B5813E1694C1E300153631 /* CDebugDictionary.m in Sources */ = {isa = PBXBuildFile; fileRef = 45B57FB71694B83A00153631 /* CDebugDictionary.m */; };
		45B5813F1694C1E300153631 /* CDebugYAMLDeserializer.m in Sources */ = {isa = PBXBuildFile; fileRef = 45B57FB91694B83A00153631 /* CDebugYAMLDeserializer.m */; };
		45B581401694C1E300153631 /* MorselSupport.m in Sources */ = {isa = PBXBuildFile; fileRef = 45B57FBC1694B83A00153631 /* MorselSupport.m */; };
		45B581411694C1E300153631 /* CColorConverter.m in Sources */ = {isa = PBXBuildFile; fileRef = 45B57FBF1694B83A00153631 /* CColorConverter.m */; };
		45B581421694C1E300153631 /* NSLayoutConstraint+Conveniences.m in Sources */ = {isa = PBXBuildFile; fileRef = 45B57FC31694B83A00153631 /* NSLayoutConstraint+Conveniences.m */; };
		45B581441694C1E700153631 /* global.morsel in Resources */ = {isa = PBXBuildFile; fileRef = 45B57FC11694B83A00153631 /* global.morsel */; };
		45B581451694C1EE00153631 /* CMorsel.m in Sources */ = {isa = PBXBuildFile; fileRef = 45B57FB01694B83A00153631 /* CMorsel.m */; };
		45B581481694C3EA00153631 /* ButtonPressed.png in CopyFiles */ = {isa = PBXBuildFile; fileRef = 45B581471694C3EA00153631 /* ButtonPressed.png */; };
		45B5814A1694C3F000153631 /* ButtonPressed@2x.png in CopyFiles */ = {isa = PBXBuildFile; fileRef = 45B581491694C3F000153631 /* ButtonPressed@2x.png */; };
		45B5814C1694C7CC00153631 /* MapKit.framework in Frameworks */ = {isa = PBXBuildFile; fileRef = 45B5814B1694C7CC00153631 /* MapKit.framework */; };
		45B581531694C95600153631 /* UIKit.framework in Frameworks */ = {isa = PBXBuildFile; fileRef = 45B580DD1694BDB300153631 /* UIKit.framework */; };
		45B581541694C95600153631 /* Foundation.framework in Frameworks */ = {isa = PBXBuildFile; fileRef = 45B57F9C1694B7B800153631 /* Foundation.framework */; };
		45B581551694C95600153631 /* CoreGraphics.framework in Frameworks */ = {isa = PBXBuildFile; fileRef = 45B580E01694BDB300153631 /* CoreGraphics.framework */; };
		45B5815B1694C95700153631 /* InfoPlist.strings in Resources */ = {isa = PBXBuildFile; fileRef = 45B581591694C95700153631 /* InfoPlist.strings */; };
		45B5815D1694C95700153631 /* main.m in Sources */ = {isa = PBXBuildFile; fileRef = 45B5815C1694C95700153631 /* main.m */; };
		45B581611694C95700153631 /* CAppDelegate.m in Sources */ = {isa = PBXBuildFile; fileRef = 45B581601694C95700153631 /* CAppDelegate.m */; };
		45B581631694C95700153631 /* Default.png in Resources */ = {isa = PBXBuildFile; fileRef = 45B581621694C95700153631 /* Default.png */; };
		45B581651694C95700153631 /* Default@2x.png in Resources */ = {isa = PBXBuildFile; fileRef = 45B581641694C95700153631 /* Default@2x.png */; };
		45B581671694C95700153631 /* Default-568h@2x.png in Resources */ = {isa = PBXBuildFile; fileRef = 45B581661694C95700153631 /* Default-568h@2x.png */; };
		45B5816A1694C95700153631 /* CViewController.m in Sources */ = {isa = PBXBuildFile; fileRef = 45B581691694C95700153631 /* CViewController.m */; };
		45B581751694C9E700153631 /* CViewController.morsel in Resources */ = {isa = PBXBuildFile; fileRef = 45B581741694C9E700153631 /* CViewController.morsel */; };
		45B581761694CA0100153631 /* CMorsel.m in Sources */ = {isa = PBXBuildFile; fileRef = 45B57FB01694B83A00153631 /* CMorsel.m */; };
		45B581771694CA0100153631 /* CMorselContext.m in Sources */ = {isa = PBXBuildFile; fileRef = 45B57FB21694B83A00153631 /* CMorselContext.m */; };
		45B581781694CA0100153631 /* CTypeConverter.m in Sources */ = {isa = PBXBuildFile; fileRef = 45B57FB41694B83A00153631 /* CTypeConverter.m */; };
		45B581791694CA0100153631 /* CDebugDictionary.m in Sources */ = {isa = PBXBuildFile; fileRef = 45B57FB71694B83A00153631 /* CDebugDictionary.m */; };
		45B5817A1694CA0100153631 /* CDebugYAMLDeserializer.m in Sources */ = {isa = PBXBuildFile; fileRef = 45B57FB91694B83A00153631 /* CDebugYAMLDeserializer.m */; };
		45B5817B1694CA0100153631 /* MorselSupport.m in Sources */ = {isa = PBXBuildFile; fileRef = 45B57FBC1694B83A00153631 /* MorselSupport.m */; };
		45B5817C1694CA0100153631 /* CColorConverter.m in Sources */ = {isa = PBXBuildFile; fileRef = 45B57FBF1694B83A00153631 /* CColorConverter.m */; };
		45B5817D1694CA0100153631 /* global.morsel in Resources */ = {isa = PBXBuildFile; fileRef = 45B57FC11694B83A00153631 /* global.morsel */; };
		45B5817E1694CA0100153631 /* NSLayoutConstraint+Conveniences.m in Sources */ = {isa = PBXBuildFile; fileRef = 45B57FC31694B83A00153631 /* NSLayoutConstraint+Conveniences.m */; };
		45B581801694CA0100153631 /* UIView+MorselExtensions.m in Sources */ = {isa = PBXBuildFile; fileRef = 45B57FC71694B83A00153631 /* UIView+MorselExtensions.m */; };
		45B581831694CA2E00153631 /* libCocoaYAML.a in Frameworks */ = {isa = PBXBuildFile; fileRef = 45B580A21694B90E00153631 /* libCocoaYAML.a */; };
		45B581891694D46600153631 /* NSLayoutConstraint+DebugExtensions.m in Sources */ = {isa = PBXBuildFile; fileRef = 45B581881694D46600153631 /* NSLayoutConstraint+DebugExtensions.m */; };
		45B5818A1694D46600153631 /* NSLayoutConstraint+DebugExtensions.m in Sources */ = {isa = PBXBuildFile; fileRef = 45B581881694D46600153631 /* NSLayoutConstraint+DebugExtensions.m */; };
		45B5818B1694D46600153631 /* NSLayoutConstraint+DebugExtensions.m in Sources */ = {isa = PBXBuildFile; fileRef = 45B581881694D46600153631 /* NSLayoutConstraint+DebugExtensions.m */; };
		45B5818E1694D4B400153631 /* UIView+Debugging.m in Sources */ = {isa = PBXBuildFile; fileRef = 45B5818D1694D4B400153631 /* UIView+Debugging.m */; };
		45B5818F1694D4B400153631 /* UIView+Debugging.m in Sources */ = {isa = PBXBuildFile; fileRef = 45B5818D1694D4B400153631 /* UIView+Debugging.m */; };
		45B581901694D4B400153631 /* UIView+Debugging.m in Sources */ = {isa = PBXBuildFile; fileRef = 45B5818D1694D4B400153631 /* UIView+Debugging.m */; };
/* End PBXBuildFile section */

/* Begin PBXContainerItemProxy section */
		45B580A11694B90E00153631 /* PBXContainerItemProxy */ = {
			isa = PBXContainerItemProxy;
			containerPortal = 45B57FD81694B90E00153631 /* CocoaYAML_iOS.xcodeproj */;
			proxyType = 2;
			remoteGlobalIDString = 45F23B551676621E00A3A6FC;
			remoteInfo = CocoaYAML;
		};
		45B580A31694B90E00153631 /* PBXContainerItemProxy */ = {
			isa = PBXContainerItemProxy;
			containerPortal = 45B57FD81694B90E00153631 /* CocoaYAML_iOS.xcodeproj */;
			proxyType = 2;
			remoteGlobalIDString = 45C2ED261677020B005808D3;
			remoteInfo = "Unit Tests";
		};
		45B581361694BF7B00153631 /* PBXContainerItemProxy */ = {
			isa = PBXContainerItemProxy;
			containerPortal = 45B57FD81694B90E00153631 /* CocoaYAML_iOS.xcodeproj */;
			proxyType = 1;
			remoteGlobalIDString = 45F23B541676621E00A3A6FC;
			remoteInfo = CocoaYAML;
		};
		45B581811694CA1600153631 /* PBXContainerItemProxy */ = {
			isa = PBXContainerItemProxy;
			containerPortal = 45B57FD81694B90E00153631 /* CocoaYAML_iOS.xcodeproj */;
			proxyType = 1;
			remoteGlobalIDString = 45F23B541676621E00A3A6FC;
			remoteInfo = CocoaYAML;
		};
/* End PBXContainerItemProxy section */

/* Begin PBXCopyFilesBuildPhase section */
		45B57F971694B7B800153631 /* CopyFiles */ = {
			isa = PBXCopyFilesBuildPhase;
			buildActionMask = 2147483647;
			dstPath = "include/${PRODUCT_NAME}";
			dstSubfolderSpec = 16;
			files = (
			);
			runOnlyForDeploymentPostprocessing = 0;
		};
		45B581461694C3D800153631 /* CopyFiles */ = {
			isa = PBXCopyFilesBuildPhase;
			buildActionMask = 2147483647;
			dstPath = "";
			dstSubfolderSpec = 7;
			files = (
				45B581481694C3EA00153631 /* ButtonPressed.png in CopyFiles */,
				45B5814A1694C3F000153631 /* ButtonPressed@2x.png in CopyFiles */,
			);
			runOnlyForDeploymentPostprocessing = 0;
		};
/* End PBXCopyFilesBuildPhase section */

/* Begin PBXFileReference section */
		45B57F991694B7B800153631 /* libMorsel.a */ = {isa = PBXFileReference; explicitFileType = archive.ar; includeInIndex = 0; path = libMorsel.a; sourceTree = BUILT_PRODUCTS_DIR; };
		45B57F9C1694B7B800153631 /* Foundation.framework */ = {isa = PBXFileReference; lastKnownFileType = wrapper.framework; name = Foundation.framework; path = System/Library/Frameworks/Foundation.framework; sourceTree = SDKROOT; };
		45B57FAF1694B83A00153631 /* CMorsel.h */ = {isa = PBXFileReference; fileEncoding = 4; lastKnownFileType = sourcecode.c.h; path = CMorsel.h; sourceTree = "<group>"; };
		45B57FB01694B83A00153631 /* CMorsel.m */ = {isa = PBXFileReference; fileEncoding = 4; lastKnownFileType = sourcecode.c.objc; path = CMorsel.m; sourceTree = "<group>"; };
		45B57FB11694B83A00153631 /* CMorselContext.h */ = {isa = PBXFileReference; fileEncoding = 4; lastKnownFileType = sourcecode.c.h; path = CMorselContext.h; sourceTree = "<group>"; };
		45B57FB21694B83A00153631 /* CMorselContext.m */ = {isa = PBXFileReference; fileEncoding = 4; lastKnownFileType = sourcecode.c.objc; path = CMorselContext.m; sourceTree = "<group>"; };
		45B57FB31694B83A00153631 /* CTypeConverter.h */ = {isa = PBXFileReference; fileEncoding = 4; lastKnownFileType = sourcecode.c.h; path = CTypeConverter.h; sourceTree = "<group>"; };
		45B57FB41694B83A00153631 /* CTypeConverter.m */ = {isa = PBXFileReference; fileEncoding = 4; lastKnownFileType = sourcecode.c.objc; path = CTypeConverter.m; sourceTree = "<group>"; };
		45B57FB61694B83A00153631 /* CDebugDictionary.h */ = {isa = PBXFileReference; fileEncoding = 4; lastKnownFileType = sourcecode.c.h; path = CDebugDictionary.h; sourceTree = "<group>"; };
		45B57FB71694B83A00153631 /* CDebugDictionary.m */ = {isa = PBXFileReference; fileEncoding = 4; lastKnownFileType = sourcecode.c.objc; path = CDebugDictionary.m; sourceTree = "<group>"; };
		45B57FB81694B83A00153631 /* CDebugYAMLDeserializer.h */ = {isa = PBXFileReference; fileEncoding = 4; lastKnownFileType = sourcecode.c.h; path = CDebugYAMLDeserializer.h; sourceTree = "<group>"; };
		45B57FB91694B83A00153631 /* CDebugYAMLDeserializer.m */ = {isa = PBXFileReference; fileEncoding = 4; lastKnownFileType = sourcecode.c.objc; path = CDebugYAMLDeserializer.m; sourceTree = "<group>"; };
		45B57FBA1694B83A00153631 /* MorselAsserts.h */ = {isa = PBXFileReference; fileEncoding = 4; lastKnownFileType = sourcecode.c.h; path = MorselAsserts.h; sourceTree = "<group>"; };
		45B57FBB1694B83A00153631 /* MorselSupport.h */ = {isa = PBXFileReference; fileEncoding = 4; lastKnownFileType = sourcecode.c.h; path = MorselSupport.h; sourceTree = "<group>"; };
		45B57FBC1694B83A00153631 /* MorselSupport.m */ = {isa = PBXFileReference; fileEncoding = 4; lastKnownFileType = sourcecode.c.objc; path = MorselSupport.m; sourceTree = "<group>"; };
		45B57FBE1694B83A00153631 /* CColorConverter.h */ = {isa = PBXFileReference; fileEncoding = 4; lastKnownFileType = sourcecode.c.h; path = CColorConverter.h; sourceTree = "<group>"; };
		45B57FBF1694B83A00153631 /* CColorConverter.m */ = {isa = PBXFileReference; fileEncoding = 4; lastKnownFileType = sourcecode.c.objc; path = CColorConverter.m; sourceTree = "<group>"; };
		45B57FC11694B83A00153631 /* global.morsel */ = {isa = PBXFileReference; fileEncoding = 4; lastKnownFileType = text; path = global.morsel; sourceTree = "<group>"; };
		45B57FC21694B83A00153631 /* NSLayoutConstraint+Conveniences.h */ = {isa = PBXFileReference; fileEncoding = 4; lastKnownFileType = sourcecode.c.h; path = "NSLayoutConstraint+Conveniences.h"; sourceTree = "<group>"; };
		45B57FC31694B83A00153631 /* NSLayoutConstraint+Conveniences.m */ = {isa = PBXFileReference; fileEncoding = 4; lastKnownFileType = sourcecode.c.objc; path = "NSLayoutConstraint+Conveniences.m"; sourceTree = "<group>"; };
		45B57FC61694B83A00153631 /* UIView+MorselExtensions.h */ = {isa = PBXFileReference; fileEncoding = 4; lastKnownFileType = sourcecode.c.h; path = "UIView+MorselExtensions.h"; sourceTree = "<group>"; };
		45B57FC71694B83A00153631 /* UIView+MorselExtensions.m */ = {isa = PBXFileReference; fileEncoding = 4; lastKnownFileType = sourcecode.c.objc; path = "UIView+MorselExtensions.m"; sourceTree = "<group>"; };
		45B57FD21694B88000153631 /* Morsel.h */ = {isa = PBXFileReference; fileEncoding = 4; lastKnownFileType = sourcecode.c.h; path = Morsel.h; sourceTree = "<group>"; };
		45B57FD81694B90E00153631 /* CocoaYAML_iOS.xcodeproj */ = {isa = PBXFileReference; lastKnownFileType = "wrapper.pb-project"; path = CocoaYAML_iOS.xcodeproj; sourceTree = "<group>"; };
		45B580651694B90E00153631 /* CYAMLDeserializer.h */ = {isa = PBXFileReference; fileEncoding = 4; lastKnownFileType = sourcecode.c.h; path = CYAMLDeserializer.h; sourceTree = "<group>"; };
		45B580B31694B99800153631 /* CoreFoundation.framework */ = {isa = PBXFileReference; lastKnownFileType = wrapper.framework; name = CoreFoundation.framework; path = System/Library/Frameworks/CoreFoundation.framework; sourceTree = SDKROOT; };
		45B580DB1694BDB300153631 /* MorselBrowser.app */ = {isa = PBXFileReference; explicitFileType = wrapper.application; includeInIndex = 0; path = MorselBrowser.app; sourceTree = BUILT_PRODUCTS_DIR; };
		45B580DD1694BDB300153631 /* UIKit.framework */ = {isa = PBXFileReference; lastKnownFileType = wrapper.framework; name = UIKit.framework; path = System/Library/Frameworks/UIKit.framework; sourceTree = SDKROOT; };
		45B580E01694BDB300153631 /* CoreGraphics.framework */ = {isa = PBXFileReference; lastKnownFileType = wrapper.framework; name = CoreGraphics.framework; path = System/Library/Frameworks/CoreGraphics.framework; sourceTree = SDKROOT; };
		45B580F91694BE4700153631 /* Default-568h@2x.png */ = {isa = PBXFileReference; lastKnownFileType = image.png; path = "Default-568h@2x.png"; sourceTree = "<group>"; };
		45B580FA1694BE4700153631 /* Default.png */ = {isa = PBXFileReference; lastKnownFileType = image.png; path = Default.png; sourceTree = "<group>"; };
		45B580FB1694BE4700153631 /* Default@2x.png */ = {isa = PBXFileReference; lastKnownFileType = image.png; path = "Default@2x.png"; sourceTree = "<group>"; };
		45B580FD1694BE4700153631 /* en */ = {isa = PBXFileReference; lastKnownFileType = text.plist.strings; name = en; path = en.lproj/InfoPlist.strings; sourceTree = "<group>"; };
		45B580FF1694BE4700153631 /* en */ = {isa = PBXFileReference; lastKnownFileType = file.storyboard; name = en; path = en.lproj/MainStoryboard_iPad.storyboard; sourceTree = "<group>"; };
		45B581011694BE4700153631 /* en */ = {isa = PBXFileReference; lastKnownFileType = file.storyboard; name = en; path = en.lproj/MainStoryboard_iPhone.storyboard; sourceTree = "<group>"; };
		45B581021694BE4700153631 /* Info.plist */ = {isa = PBXFileReference; fileEncoding = 4; lastKnownFileType = text.plist.xml; path = Info.plist; sourceTree = "<group>"; };
		45B581031694BE4700153631 /* MorselBrowser.entitlements */ = {isa = PBXFileReference; fileEncoding = 4; lastKnownFileType = text.xml; path = MorselBrowser.entitlements; sourceTree = "<group>"; };
		45B581051694BE4700153631 /* CAppDelegate.h */ = {isa = PBXFileReference; fileEncoding = 4; lastKnownFileType = sourcecode.c.h; path = CAppDelegate.h; sourceTree = "<group>"; };
		45B581061694BE4700153631 /* CAppDelegate.m */ = {isa = PBXFileReference; fileEncoding = 4; lastKnownFileType = sourcecode.c.objc; path = CAppDelegate.m; sourceTree = "<group>"; };
		45B581071694BE4700153631 /* CBonjourBrowserViewController.h */ = {isa = PBXFileReference; fileEncoding = 4; lastKnownFileType = sourcecode.c.h; path = CBonjourBrowserViewController.h; sourceTree = "<group>"; };
		45B581081694BE4700153631 /* CBonjourBrowserViewController.m */ = {isa = PBXFileReference; fileEncoding = 4; lastKnownFileType = sourcecode.c.objc; path = CBonjourBrowserViewController.m; sourceTree = "<group>"; };
		45B581091694BE4700153631 /* CLocalMorselsViewController.h */ = {isa = PBXFileReference; fileEncoding = 4; lastKnownFileType = sourcecode.c.h; path = CLocalMorselsViewController.h; sourceTree = "<group>"; };
		45B5810A1694BE4700153631 /* CLocalMorselsViewController.m */ = {isa = PBXFileReference; fileEncoding = 4; lastKnownFileType = sourcecode.c.objc; path = CLocalMorselsViewController.m; sourceTree = "<group>"; };
		45B5810B1694BE4700153631 /* CMorselViewController.h */ = {isa = PBXFileReference; fileEncoding = 4; lastKnownFileType = sourcecode.c.h; path = CMorselViewController.h; sourceTree = "<group>"; };
		45B5810C1694BE4700153631 /* CMorselViewController.m */ = {isa = PBXFileReference; fileEncoding = 4; lastKnownFileType = sourcecode.c.objc; path = CMorselViewController.m; sourceTree = "<group>"; };
		45B5810D1694BE4700153631 /* CRemoteMorselClient.h */ = {isa = PBXFileReference; fileEncoding = 4; lastKnownFileType = sourcecode.c.h; path = CRemoteMorselClient.h; sourceTree = "<group>"; };
		45B5810E1694BE4700153631 /* CRemoteMorselClient.m */ = {isa = PBXFileReference; fileEncoding = 4; lastKnownFileType = sourcecode.c.objc; path = CRemoteMorselClient.m; sourceTree = "<group>"; };
		45B5810F1694BE4700153631 /* CRemoteMorselContext.h */ = {isa = PBXFileReference; fileEncoding = 4; lastKnownFileType = sourcecode.c.h; path = CRemoteMorselContext.h; sourceTree = "<group>"; };
		45B581101694BE4700153631 /* CRemoteMorselContext.m */ = {isa = PBXFileReference; fileEncoding = 4; lastKnownFileType = sourcecode.c.objc; path = CRemoteMorselContext.m; sourceTree = "<group>"; };
		45B581111694BE4700153631 /* CResizerThumb.h */ = {isa = PBXFileReference; fileEncoding = 4; lastKnownFileType = sourcecode.c.h; path = CResizerThumb.h; sourceTree = "<group>"; };
		45B581121694BE4700153631 /* CResizerThumb.m */ = {isa = PBXFileReference; fileEncoding = 4; lastKnownFileType = sourcecode.c.objc; path = CResizerThumb.m; sourceTree = "<group>"; };
		45B581131694BE4700153631 /* CTestLoginViewController.h */ = {isa = PBXFileReference; fileEncoding = 4; lastKnownFileType = sourcecode.c.h; path = CTestLoginViewController.h; sourceTree = "<group>"; };
		45B581141694BE4700153631 /* CTestLoginViewController.m */ = {isa = PBXFileReference; fileEncoding = 4; lastKnownFileType = sourcecode.c.objc; path = CTestLoginViewController.m; sourceTree = "<group>"; };
		45B581151694BE4700153631 /* main.m */ = {isa = PBXFileReference; fileEncoding = 4; lastKnownFileType = sourcecode.c.objc; path = main.m; sourceTree = "<group>"; };
		45B581161694BE4700153631 /* Prefix.pch */ = {isa = PBXFileReference; fileEncoding = 4; lastKnownFileType = sourcecode.c.h; path = Prefix.pch; sourceTree = "<group>"; };
		45B581171694BE4700153631 /* System.clr */ = {isa = PBXFileReference; lastKnownFileType = file; path = System.clr; sourceTree = "<group>"; };
		45B581181694BE4700153631 /* test.dat */ = {isa = PBXFileReference; lastKnownFileType = file.bplist; path = test.dat; sourceTree = "<group>"; };
		45B581191694BE4700153631 /* Thumb.png */ = {isa = PBXFileReference; lastKnownFileType = image.png; path = Thumb.png; sourceTree = "<group>"; };
		45B581391694C10600153631 /* Samples */ = {isa = PBXFileReference; lastKnownFileType = folder; path = Samples; sourceTree = "<group>"; };
		45B581471694C3EA00153631 /* ButtonPressed.png */ = {isa = PBXFileReference; lastKnownFileType = image.png; name = ButtonPressed.png; path = ../Samples/ButtonPressed.png; sourceTree = "<group>"; };
		45B581491694C3F000153631 /* ButtonPressed@2x.png */ = {isa = PBXFileReference; lastKnownFileType = image.png; name = "ButtonPressed@2x.png"; path = "../Samples/ButtonPressed@2x.png"; sourceTree = "<group>"; };
		45B5814B1694C7CC00153631 /* MapKit.framework */ = {isa = PBXFileReference; lastKnownFileType = wrapper.framework; name = MapKit.framework; path = System/Library/Frameworks/MapKit.framework; sourceTree = SDKROOT; };
		45B581511694C95600153631 /* MorselMinimal.app */ = {isa = PBXFileReference; explicitFileType = wrapper.application; includeInIndex = 0; path = MorselMinimal.app; sourceTree = BUILT_PRODUCTS_DIR; };
		45B581581694C95700153631 /* MorselMinimal-Info.plist */ = {isa = PBXFileReference; lastKnownFileType = text.plist.xml; path = "MorselMinimal-Info.plist"; sourceTree = "<group>"; };
		45B5815A1694C95700153631 /* en */ = {isa = PBXFileReference; lastKnownFileType = text.plist.strings; name = en; path = en.lproj/InfoPlist.strings; sourceTree = "<group>"; };
		45B5815C1694C95700153631 /* main.m */ = {isa = PBXFileReference; lastKnownFileType = sourcecode.c.objc; path = main.m; sourceTree = "<group>"; };
		45B5815E1694C95700153631 /* MorselMinimal-Prefix.pch */ = {isa = PBXFileReference; lastKnownFileType = sourcecode.c.h; path = "MorselMinimal-Prefix.pch"; sourceTree = "<group>"; };
		45B5815F1694C95700153631 /* CAppDelegate.h */ = {isa = PBXFileReference; lastKnownFileType = sourcecode.c.h; path = CAppDelegate.h; sourceTree = "<group>"; };
		45B581601694C95700153631 /* CAppDelegate.m */ = {isa = PBXFileReference; lastKnownFileType = sourcecode.c.objc; path = CAppDelegate.m; sourceTree = "<group>"; };
		45B581621694C95700153631 /* Default.png */ = {isa = PBXFileReference; lastKnownFileType = image.png; path = Default.png; sourceTree = "<group>"; };
		45B581641694C95700153631 /* Default@2x.png */ = {isa = PBXFileReference; lastKnownFileType = image.png; path = "Default@2x.png"; sourceTree = "<group>"; };
		45B581661694C95700153631 /* Default-568h@2x.png */ = {isa = PBXFileReference; lastKnownFileType = image.png; path = "Default-568h@2x.png"; sourceTree = "<group>"; };
		45B581681694C95700153631 /* CViewController.h */ = {isa = PBXFileReference; lastKnownFileType = sourcecode.c.h; path = CViewController.h; sourceTree = "<group>"; };
		45B581691694C95700153631 /* CViewController.m */ = {isa = PBXFileReference; lastKnownFileType = sourcecode.c.objc; path = CViewController.m; sourceTree = "<group>"; };
		45B581741694C9E700153631 /* CViewController.morsel */ = {isa = PBXFileReference; fileEncoding = 4; lastKnownFileType = text; path = CViewController.morsel; sourceTree = "<group>"; };
		45B581871694D46600153631 /* NSLayoutConstraint+DebugExtensions.h */ = {isa = PBXFileReference; fileEncoding = 4; lastKnownFileType = sourcecode.c.h; path = "NSLayoutConstraint+DebugExtensions.h"; sourceTree = "<group>"; };
		45B581881694D46600153631 /* NSLayoutConstraint+DebugExtensions.m */ = {isa = PBXFileReference; fileEncoding = 4; lastKnownFileType = sourcecode.c.objc; path = "NSLayoutConstraint+DebugExtensions.m"; sourceTree = "<group>"; };
		45B5818C1694D4B400153631 /* UIView+Debugging.h */ = {isa = PBXFileReference; fileEncoding = 4; lastKnownFileType = sourcecode.c.h; path = "UIView+Debugging.h"; sourceTree = "<group>"; };
		45B5818D1694D4B400153631 /* UIView+Debugging.m */ = {isa = PBXFileReference; fileEncoding = 4; lastKnownFileType = sourcecode.c.objc; path = "UIView+Debugging.m"; sourceTree = "<group>"; };
/* End PBXFileReference section */

/* Begin PBXFrameworksBuildPhase section */
		45B57F961694B7B800153631 /* Frameworks */ = {
			isa = PBXFrameworksBuildPhase;
			buildActionMask = 2147483647;
			files = (
				45B57F9D1694B7B800153631 /* Foundation.framework in Frameworks */,
			);
			runOnlyForDeploymentPostprocessing = 0;
		};
		45B580D81694BDB300153631 /* Frameworks */ = {
			isa = PBXFrameworksBuildPhase;
			buildActionMask = 2147483647;
			files = (
				45B5814C1694C7CC00153631 /* MapKit.framework in Frameworks */,
				45B580DE1694BDB300153631 /* UIKit.framework in Frameworks */,
				45B580DF1694BDB300153631 /* Foundation.framework in Frameworks */,
				45B580E11694BDB300153631 /* CoreGraphics.framework in Frameworks */,
				45B581381694BFA500153631 /* libCocoaYAML.a in Frameworks */,
			);
			runOnlyForDeploymentPostprocessing = 0;
		};
		45B5814E1694C95600153631 /* Frameworks */ = {
			isa = PBXFrameworksBuildPhase;
			buildActionMask = 2147483647;
			files = (
				45B581831694CA2E00153631 /* libCocoaYAML.a in Frameworks */,
				45B581531694C95600153631 /* UIKit.framework in Frameworks */,
				45B581541694C95600153631 /* Foundation.framework in Frameworks */,
				45B581551694C95600153631 /* CoreGraphics.framework in Frameworks */,
			);
			runOnlyForDeploymentPostprocessing = 0;
		};
/* End PBXFrameworksBuildPhase section */

/* Begin PBXGroup section */
		45B57F8E1694B7B800153631 = {
			isa = PBXGroup;
			children = (
				45B57FAE1694B83A00153631 /* Source */,
				45B580F71694BE4700153631 /* MorselBrowser */,
				45B581561694C95600153631 /* MorselMinimal */,
				45B57FD51694B90E00153631 /* Externals */,
				45B57F9B1694B7B800153631 /* Frameworks */,
				45B57F9A1694B7B800153631 /* Products */,
			);
			sourceTree = "<group>";
			usesTabs = 0;
		};
		45B57F9A1694B7B800153631 /* Products */ = {
			isa = PBXGroup;
			children = (
				45B57F991694B7B800153631 /* libMorsel.a */,
				45B580DB1694BDB300153631 /* MorselBrowser.app */,
				45B581511694C95600153631 /* MorselMinimal.app */,
			);
			name = Products;
			sourceTree = "<group>";
		};
		45B57F9B1694B7B800153631 /* Frameworks */ = {
			isa = PBXGroup;
			children = (
				45B5814B1694C7CC00153631 /* MapKit.framework */,
				45B57F9C1694B7B800153631 /* Foundation.framework */,
				45B580B31694B99800153631 /* CoreFoundation.framework */,
				45B580DD1694BDB300153631 /* UIKit.framework */,
				45B580E01694BDB300153631 /* CoreGraphics.framework */,
			);
			name = Frameworks;
			sourceTree = "<group>";
		};
		45B57FAE1694B83A00153631 /* Source */ = {
			isa = PBXGroup;
			children = (
				45B57FD21694B88000153631 /* Morsel.h */,
				45B57FAF1694B83A00153631 /* CMorsel.h */,
				45B57FB01694B83A00153631 /* CMorsel.m */,
				45B57FB11694B83A00153631 /* CMorselContext.h */,
				45B57FB21694B83A00153631 /* CMorselContext.m */,
				45B57FB31694B83A00153631 /* CTypeConverter.h */,
				45B57FB41694B83A00153631 /* CTypeConverter.m */,
				45B57FB51694B83A00153631 /* Debug */,
				45B57FBA1694B83A00153631 /* MorselAsserts.h */,
				45B57FBB1694B83A00153631 /* MorselSupport.h */,
				45B57FBC1694B83A00153631 /* MorselSupport.m */,
				45B57FBD1694B83A00153631 /* Support */,
				45B57FC01694B83A00153631 /* UIKit */,
			);
			path = Source;
			sourceTree = "<group>";
		};
		45B57FB51694B83A00153631 /* Debug */ = {
			isa = PBXGroup;
			children = (
				45B57FB61694B83A00153631 /* CDebugDictionary.h */,
				45B57FB71694B83A00153631 /* CDebugDictionary.m */,
				45B57FB81694B83A00153631 /* CDebugYAMLDeserializer.h */,
				45B57FB91694B83A00153631 /* CDebugYAMLDeserializer.m */,
				45B581871694D46600153631 /* NSLayoutConstraint+DebugExtensions.h */,
				45B581881694D46600153631 /* NSLayoutConstraint+DebugExtensions.m */,
				45B5818C1694D4B400153631 /* UIView+Debugging.h */,
				45B5818D1694D4B400153631 /* UIView+Debugging.m */,
			);
			path = Debug;
			sourceTree = "<group>";
		};
		45B57FBD1694B83A00153631 /* Support */ = {
			isa = PBXGroup;
			children = (
				45B57FBE1694B83A00153631 /* CColorConverter.h */,
				45B57FBF1694B83A00153631 /* CColorConverter.m */,
			);
			path = Support;
			sourceTree = "<group>";
		};
		45B57FC01694B83A00153631 /* UIKit */ = {
			isa = PBXGroup;
			children = (
				45B57FC11694B83A00153631 /* global.morsel */,
				45B57FC21694B83A00153631 /* NSLayoutConstraint+Conveniences.h */,
				45B57FC31694B83A00153631 /* NSLayoutConstraint+Conveniences.m */,
				45B57FC61694B83A00153631 /* UIView+MorselExtensions.h */,
				45B57FC71694B83A00153631 /* UIView+MorselExtensions.m */,
			);
			path = UIKit;
			sourceTree = "<group>";
		};
		45B57FD51694B90E00153631 /* Externals */ = {
			isa = PBXGroup;
			children = (
				45B57FD61694B90E00153631 /* CocoaYAML */,
			);
			path = Externals;
			sourceTree = "<group>";
		};
		45B57FD61694B90E00153631 /* CocoaYAML */ = {
			isa = PBXGroup;
			children = (
				45B57FD81694B90E00153631 /* CocoaYAML_iOS.xcodeproj */,
				45B580631694B90E00153631 /* Source */,
			);
			path = CocoaYAML;
			sourceTree = "<group>";
		};
		45B57FD91694B90E00153631 /* Products */ = {
			isa = PBXGroup;
			children = (
				45B580A21694B90E00153631 /* libCocoaYAML.a */,
				45B580A41694B90E00153631 /* Unit Tests.octest */,
			);
			name = Products;
			sourceTree = "<group>";
		};
		45B580631694B90E00153631 /* Source */ = {
			isa = PBXGroup;
			children = (
				45B580651694B90E00153631 /* CYAMLDeserializer.h */,
			);
			path = Source;
			sourceTree = "<group>";
		};
		45B580F71694BE4700153631 /* MorselBrowser */ = {
			isa = PBXGroup;
			children = (
				45B581391694C10600153631 /* Samples */,
				45B580F81694BE4700153631 /* Resources */,
				45B581041694BE4700153631 /* Source */,
			);
			name = MorselBrowser;
			path = MorselTargets/MorselBrowser;
			sourceTree = "<group>";
		};
		45B580F81694BE4700153631 /* Resources */ = {
			isa = PBXGroup;
			children = (
				45B581491694C3F000153631 /* ButtonPressed@2x.png */,
				45B581471694C3EA00153631 /* ButtonPressed.png */,
				45B580F91694BE4700153631 /* Default-568h@2x.png */,
				45B580FA1694BE4700153631 /* Default.png */,
				45B580FB1694BE4700153631 /* Default@2x.png */,
				45B580FC1694BE4700153631 /* InfoPlist.strings */,
				45B580FE1694BE4700153631 /* MainStoryboard_iPad.storyboard */,
				45B581001694BE4700153631 /* MainStoryboard_iPhone.storyboard */,
				45B581021694BE4700153631 /* Info.plist */,
				45B581031694BE4700153631 /* MorselBrowser.entitlements */,
			);
			path = Resources;
			sourceTree = "<group>";
		};
		45B581041694BE4700153631 /* Source */ = {
			isa = PBXGroup;
			children = (
				45B581051694BE4700153631 /* CAppDelegate.h */,
				45B581061694BE4700153631 /* CAppDelegate.m */,
				45B581071694BE4700153631 /* CBonjourBrowserViewController.h */,
				45B581081694BE4700153631 /* CBonjourBrowserViewController.m */,
				45B581091694BE4700153631 /* CLocalMorselsViewController.h */,
				45B5810A1694BE4700153631 /* CLocalMorselsViewController.m */,
				45B5810B1694BE4700153631 /* CMorselViewController.h */,
				45B5810C1694BE4700153631 /* CMorselViewController.m */,
				45B5810D1694BE4700153631 /* CRemoteMorselClient.h */,
				45B5810E1694BE4700153631 /* CRemoteMorselClient.m */,
				45B5810F1694BE4700153631 /* CRemoteMorselContext.h */,
				45B581101694BE4700153631 /* CRemoteMorselContext.m */,
				45B581111694BE4700153631 /* CResizerThumb.h */,
				45B581121694BE4700153631 /* CResizerThumb.m */,
				45B581131694BE4700153631 /* CTestLoginViewController.h */,
				45B581141694BE4700153631 /* CTestLoginViewController.m */,
				45B581151694BE4700153631 /* main.m */,
				45B581161694BE4700153631 /* Prefix.pch */,
				45B581171694BE4700153631 /* System.clr */,
				45B581181694BE4700153631 /* test.dat */,
				45B581191694BE4700153631 /* Thumb.png */,
			);
			path = Source;
			sourceTree = "<group>";
		};
		45B581561694C95600153631 /* MorselMinimal */ = {
			isa = PBXGroup;
			children = (
				45B5815F1694C95700153631 /* CAppDelegate.h */,
				45B581601694C95700153631 /* CAppDelegate.m */,
				45B581681694C95700153631 /* CViewController.h */,
				45B581691694C95700153631 /* CViewController.m */,
				45B581741694C9E700153631 /* CViewController.morsel */,
				45B581571694C95700153631 /* Supporting Files */,
			);
			name = MorselMinimal;
			path = MorselTargets/MorselMinimal;
			sourceTree = "<group>";
		};
		45B581571694C95700153631 /* Supporting Files */ = {
			isa = PBXGroup;
			children = (
				45B581581694C95700153631 /* MorselMinimal-Info.plist */,
				45B581591694C95700153631 /* InfoPlist.strings */,
				45B5815C1694C95700153631 /* main.m */,
				45B5815E1694C95700153631 /* MorselMinimal-Prefix.pch */,
				45B581621694C95700153631 /* Default.png */,
				45B581641694C95700153631 /* Default@2x.png */,
				45B581661694C95700153631 /* Default-568h@2x.png */,
			);
			name = "Supporting Files";
			sourceTree = "<group>";
		};
/* End PBXGroup section */

/* Begin PBXNativeTarget section */
		45B57F981694B7B800153631 /* MorselLibrary */ = {
			isa = PBXNativeTarget;
			buildConfigurationList = 45B57FA71694B7B800153631 /* Build configuration list for PBXNativeTarget "MorselLibrary" */;
			buildPhases = (
				45B57F951694B7B800153631 /* Sources */,
				45B57F961694B7B800153631 /* Frameworks */,
				45B57F971694B7B800153631 /* CopyFiles */,
			);
			buildRules = (
			);
			dependencies = (
			);
			name = MorselLibrary;
			productName = Morsel_iOS;
			productReference = 45B57F991694B7B800153631 /* libMorsel.a */;
			productType = "com.apple.product-type.library.static";
		};
		45B580DA1694BDB300153631 /* MorselBrowser */ = {
			isa = PBXNativeTarget;
			buildConfigurationList = 45B580F41694BDB300153631 /* Build configuration list for PBXNativeTarget "MorselBrowser" */;
			buildPhases = (
				45B580D71694BDB300153631 /* Sources */,
				45B580D81694BDB300153631 /* Frameworks */,
				45B580D91694BDB300153631 /* Resources */,
				45B581461694C3D800153631 /* CopyFiles */,
			);
			buildRules = (
			);
			dependencies = (
				45B581371694BF7B00153631 /* PBXTargetDependency */,
			);
			name = MorselBrowser;
			productName = MorselBrowser;
			productReference = 45B580DB1694BDB300153631 /* MorselBrowser.app */;
			productType = "com.apple.product-type.application";
		};
		45B581501694C95600153631 /* MorselMinimal */ = {
			isa = PBXNativeTarget;
			buildConfigurationList = 45B581711694C95700153631 /* Build configuration list for PBXNativeTarget "MorselMinimal" */;
			buildPhases = (
				45B5814D1694C95600153631 /* Sources */,
				45B5814E1694C95600153631 /* Frameworks */,
				45B5814F1694C95600153631 /* Resources */,
			);
			buildRules = (
			);
			dependencies = (
				45B581821694CA1600153631 /* PBXTargetDependency */,
			);
			name = MorselMinimal;
			productName = MorselMinimal;
			productReference = 45B581511694C95600153631 /* MorselMinimal.app */;
			productType = "com.apple.product-type.application";
		};
/* End PBXNativeTarget section */

/* Begin PBXProject section */
		45B57F901694B7B800153631 /* Project object */ = {
			isa = PBXProject;
			attributes = {
				LastUpgradeCheck = 0450;
				ORGANIZATIONNAME = toxicsoftware;
			};
			buildConfigurationList = 45B57F931694B7B800153631 /* Build configuration list for PBXProject "Morsel" */;
			compatibilityVersion = "Xcode 3.2";
			developmentRegion = English;
			hasScannedForEncodings = 0;
			knownRegions = (
				en,
			);
			mainGroup = 45B57F8E1694B7B800153631;
			productRefGroup = 45B57F9A1694B7B800153631 /* Products */;
			projectDirPath = "";
			projectReferences = (
				{
					ProductGroup = 45B57FD91694B90E00153631 /* Products */;
					ProjectRef = 45B57FD81694B90E00153631 /* CocoaYAML_iOS.xcodeproj */;
				},
			);
			projectRoot = "";
			targets = (
				45B57F981694B7B800153631 /* MorselLibrary */,
				45B580DA1694BDB300153631 /* MorselBrowser */,
				45B581501694C95600153631 /* MorselMinimal */,
			);
		};
/* End PBXProject section */

/* Begin PBXReferenceProxy section */
		45B580A21694B90E00153631 /* libCocoaYAML.a */ = {
			isa = PBXReferenceProxy;
			fileType = archive.ar;
			path = libCocoaYAML.a;
			remoteRef = 45B580A11694B90E00153631 /* PBXContainerItemProxy */;
			sourceTree = BUILT_PRODUCTS_DIR;
		};
		45B580A41694B90E00153631 /* Unit Tests.octest */ = {
			isa = PBXReferenceProxy;
			fileType = wrapper.cfbundle;
			path = "Unit Tests.octest";
			remoteRef = 45B580A31694B90E00153631 /* PBXContainerItemProxy */;
			sourceTree = BUILT_PRODUCTS_DIR;
		};
/* End PBXReferenceProxy section */

/* Begin PBXResourcesBuildPhase section */
		45B580D91694BDB300153631 /* Resources */ = {
			isa = PBXResourcesBuildPhase;
			buildActionMask = 2147483647;
			files = (
				45B5811A1694BE4700153631 /* Default-568h@2x.png in Resources */,
				45B5811B1694BE4700153631 /* Default.png in Resources */,
				45B5811C1694BE4700153631 /* Default@2x.png in Resources */,
				45B5811D1694BE4700153631 /* InfoPlist.strings in Resources */,
				45B5811E1694BE4700153631 /* MainStoryboard_iPad.storyboard in Resources */,
				45B5811F1694BE4700153631 /* MainStoryboard_iPhone.storyboard in Resources */,
				45B581211694BE4700153631 /* MorselBrowser.entitlements in Resources */,
				45B5812B1694BE4700153631 /* System.clr in Resources */,
				45B5812C1694BE4700153631 /* test.dat in Resources */,
				45B5812D1694BE4700153631 /* Thumb.png in Resources */,
				45B5813A1694C10600153631 /* Samples in Resources */,
				45B581441694C1E700153631 /* global.morsel in Resources */,
			);
			runOnlyForDeploymentPostprocessing = 0;
		};
		45B5814F1694C95600153631 /* Resources */ = {
			isa = PBXResourcesBuildPhase;
			buildActionMask = 2147483647;
			files = (
				45B5815B1694C95700153631 /* InfoPlist.strings in Resources */,
				45B581631694C95700153631 /* Default.png in Resources */,
				45B581651694C95700153631 /* Default@2x.png in Resources */,
				45B581671694C95700153631 /* Default-568h@2x.png in Resources */,
				45B581751694C9E700153631 /* CViewController.morsel in Resources */,
				45B5817D1694CA0100153631 /* global.morsel in Resources */,
			);
			runOnlyForDeploymentPostprocessing = 0;
		};
/* End PBXResourcesBuildPhase section */

/* Begin PBXSourcesBuildPhase section */
		45B57F951694B7B800153631 /* Sources */ = {
			isa = PBXSourcesBuildPhase;
			buildActionMask = 2147483647;
			files = (
				45B57FC81694B83A00153631 /* CMorsel.m in Sources */,
				45B57FC91694B83A00153631 /* CMorselContext.m in Sources */,
				45B57FCA1694B83A00153631 /* CTypeConverter.m in Sources */,
				45B57FCB1694B83A00153631 /* CDebugDictionary.m in Sources */,
				45B57FCC1694B83A00153631 /* CDebugYAMLDeserializer.m in Sources */,
				45B57FCD1694B83A00153631 /* MorselSupport.m in Sources */,
				45B57FCE1694B83A00153631 /* CColorConverter.m in Sources */,
				45B57FCF1694B83A00153631 /* NSLayoutConstraint+Conveniences.m in Sources */,
				45B57FD11694B83A00153631 /* UIView+MorselExtensions.m in Sources */,
				45B581891694D46600153631 /* NSLayoutConstraint+DebugExtensions.m in Sources */,
				45B5818E1694D4B400153631 /* UIView+Debugging.m in Sources */,
			);
			runOnlyForDeploymentPostprocessing = 0;
		};
		45B580D71694BDB300153631 /* Sources */ = {
			isa = PBXSourcesBuildPhase;
			buildActionMask = 2147483647;
			files = (
				45B581221694BE4700153631 /* CAppDelegate.m in Sources */,
				45B581231694BE4700153631 /* CBonjourBrowserViewController.m in Sources */,
				45B581241694BE4700153631 /* CLocalMorselsViewController.m in Sources */,
				45B581251694BE4700153631 /* CMorselViewController.m in Sources */,
				45B581261694BE4700153631 /* CRemoteMorselClient.m in Sources */,
				45B581271694BE4700153631 /* CRemoteMorselContext.m in Sources */,
				45B581281694BE4700153631 /* CResizerThumb.m in Sources */,
				45B581291694BE4700153631 /* CTestLoginViewController.m in Sources */,
				45B5812A1694BE4700153631 /* main.m in Sources */,
				45B5813B1694C18600153631 /* UIView+MorselExtensions.m in Sources */,
				45B5813C1694C1D800153631 /* CMorselContext.m in Sources */,
				45B5813D1694C1DB00153631 /* CTypeConverter.m in Sources */,
				45B5813E1694C1E300153631 /* CDebugDictionary.m in Sources */,
				45B5813F1694C1E300153631 /* CDebugYAMLDeserializer.m in Sources */,
				45B581401694C1E300153631 /* MorselSupport.m in Sources */,
				45B581411694C1E300153631 /* CColorConverter.m in Sources */,
				45B581421694C1E300153631 /* NSLayoutConstraint+Conveniences.m in Sources */,
				45B581451694C1EE00153631 /* CMorsel.m in Sources */,
				45B5818A1694D46600153631 /* NSLayoutConstraint+DebugExtensions.m in Sources */,
				45B5818F1694D4B400153631 /* UIView+Debugging.m in Sources */,
			);
			runOnlyForDeploymentPostprocessing = 0;
		};
		45B5814D1694C95600153631 /* Sources */ = {
			isa = PBXSourcesBuildPhase;
			buildActionMask = 2147483647;
			files = (
				45B5815D1694C95700153631 /* main.m in Sources */,
				45B581611694C95700153631 /* CAppDelegate.m in Sources */,
				45B5816A1694C95700153631 /* CViewController.m in Sources */,
				45B581761694CA0100153631 /* CMorsel.m in Sources */,
				45B581771694CA0100153631 /* CMorselContext.m in Sources */,
				45B581781694CA0100153631 /* CTypeConverter.m in Sources */,
				45B581791694CA0100153631 /* CDebugDictionary.m in Sources */,
				45B5817A1694CA0100153631 /* CDebugYAMLDeserializer.m in Sources */,
				45B5817B1694CA0100153631 /* MorselSupport.m in Sources */,
				45B5817C1694CA0100153631 /* CColorConverter.m in Sources */,
				45B5817E1694CA0100153631 /* NSLayoutConstraint+Conveniences.m in Sources */,
				45B581801694CA0100153631 /* UIView+MorselExtensions.m in Sources */,
				45B5818B1694D46600153631 /* NSLayoutConstraint+DebugExtensions.m in Sources */,
				45B581901694D4B400153631 /* UIView+Debugging.m in Sources */,
			);
			runOnlyForDeploymentPostprocessing = 0;
		};
/* End PBXSourcesBuildPhase section */

/* Begin PBXTargetDependency section */
		45B581371694BF7B00153631 /* PBXTargetDependency */ = {
			isa = PBXTargetDependency;
			name = CocoaYAML;
			targetProxy = 45B581361694BF7B00153631 /* PBXContainerItemProxy */;
		};
		45B581821694CA1600153631 /* PBXTargetDependency */ = {
			isa = PBXTargetDependency;
			name = CocoaYAML;
			targetProxy = 45B581811694CA1600153631 /* PBXContainerItemProxy */;
		};
/* End PBXTargetDependency section */

/* Begin PBXVariantGroup section */
		45B580FC1694BE4700153631 /* InfoPlist.strings */ = {
			isa = PBXVariantGroup;
			children = (
				45B580FD1694BE4700153631 /* en */,
			);
			name = InfoPlist.strings;
			sourceTree = "<group>";
		};
		45B580FE1694BE4700153631 /* MainStoryboard_iPad.storyboard */ = {
			isa = PBXVariantGroup;
			children = (
				45B580FF1694BE4700153631 /* en */,
			);
			name = MainStoryboard_iPad.storyboard;
			sourceTree = "<group>";
		};
		45B581001694BE4700153631 /* MainStoryboard_iPhone.storyboard */ = {
			isa = PBXVariantGroup;
			children = (
				45B581011694BE4700153631 /* en */,
			);
			name = MainStoryboard_iPhone.storyboard;
			sourceTree = "<group>";
		};
		45B581591694C95700153631 /* InfoPlist.strings */ = {
			isa = PBXVariantGroup;
			children = (
				45B5815A1694C95700153631 /* en */,
			);
			name = InfoPlist.strings;
			sourceTree = "<group>";
		};
/* End PBXVariantGroup section */

/* Begin XCBuildConfiguration section */
		45B57FA51694B7B800153631 /* Debug */ = {
			isa = XCBuildConfiguration;
			buildSettings = {
				ALWAYS_SEARCH_USER_PATHS = NO;
				CLANG_CXX_LANGUAGE_STANDARD = "gnu++0x";
				CLANG_CXX_LIBRARY = "libc++";
				CLANG_ENABLE_OBJC_ARC = YES;
				CLANG_WARN_EMPTY_BODY = YES;
				CLANG_WARN__DUPLICATE_METHOD_MATCH = YES;
				COPY_PHASE_STRIP = NO;
				GCC_C_LANGUAGE_STANDARD = gnu99;
				GCC_DYNAMIC_NO_PIC = NO;
				GCC_OPTIMIZATION_LEVEL = 0;
				GCC_PREPROCESSOR_DEFINITIONS = (
					"DEBUG=1",
					"$(inherited)",
				);
				GCC_SYMBOLS_PRIVATE_EXTERN = NO;
				GCC_WARN_ABOUT_RETURN_TYPE = YES;
				GCC_WARN_UNINITIALIZED_AUTOS = YES;
				GCC_WARN_UNUSED_VARIABLE = YES;
				IPHONEOS_DEPLOYMENT_TARGET = 6.0;
				ONLY_ACTIVE_ARCH = YES;
				SDKROOT = iphoneos;
			};
			name = Debug;
		};
		45B57FA61694B7B800153631 /* Release */ = {
			isa = XCBuildConfiguration;
			buildSettings = {
				ALWAYS_SEARCH_USER_PATHS = NO;
				CLANG_CXX_LANGUAGE_STANDARD = "gnu++0x";
				CLANG_CXX_LIBRARY = "libc++";
				CLANG_ENABLE_OBJC_ARC = YES;
				CLANG_WARN_EMPTY_BODY = YES;
				CLANG_WARN__DUPLICATE_METHOD_MATCH = YES;
				COPY_PHASE_STRIP = YES;
				GCC_C_LANGUAGE_STANDARD = gnu99;
				GCC_WARN_ABOUT_RETURN_TYPE = YES;
				GCC_WARN_UNINITIALIZED_AUTOS = YES;
				GCC_WARN_UNUSED_VARIABLE = YES;
				IPHONEOS_DEPLOYMENT_TARGET = 6.0;
				SDKROOT = iphoneos;
				VALIDATE_PRODUCT = YES;
			};
			name = Release;
		};
		45B57FA81694B7B800153631 /* Debug */ = {
			isa = XCBuildConfiguration;
			buildSettings = {
				COPY_PHASE_STRIP = NO;
				DEAD_CODE_STRIPPING = NO;
				GCC_PRECOMPILE_PREFIX_HEADER = YES;
				GCC_PREFIX_HEADER = MorselLibrary/Prefix.pch;
				OTHER_LDFLAGS = "-ObjC";
				PRODUCT_NAME = Morsel;
				SKIP_INSTALL = YES;
				STRIP_STYLE = "non-global";
			};
			name = Debug;
		};
		45B57FA91694B7B800153631 /* Release */ = {
			isa = XCBuildConfiguration;
			buildSettings = {
				COPY_PHASE_STRIP = NO;
				DEAD_CODE_STRIPPING = NO;
				GCC_PRECOMPILE_PREFIX_HEADER = YES;
				GCC_PREFIX_HEADER = MorselLibrary/Prefix.pch;
				OTHER_LDFLAGS = "-ObjC";
				PRODUCT_NAME = Morsel;
				SKIP_INSTALL = YES;
				STRIP_STYLE = "non-global";
			};
			name = Release;
		};
		45B580F51694BDB300153631 /* Debug */ = {
			isa = XCBuildConfiguration;
			buildSettings = {
				"CODE_SIGN_IDENTITY[sdk=iphoneos*]" = "iPhone Developer";
				GCC_PRECOMPILE_PREFIX_HEADER = YES;
				GCC_PREFIX_HEADER = MorselTargets/MorselBrowser/Source/Prefix.pch;
				INFOPLIST_FILE = MorselTargets/MorselBrowser/Resources/Info.plist;
				PRODUCT_NAME = "$(TARGET_NAME)";
				TARGETED_DEVICE_FAMILY = "1,2";
				WRAPPER_EXTENSION = app;
			};
			name = Debug;
		};
		45B580F61694BDB300153631 /* Release */ = {
			isa = XCBuildConfiguration;
			buildSettings = {
				"CODE_SIGN_IDENTITY[sdk=iphoneos*]" = "iPhone Developer";
				GCC_PRECOMPILE_PREFIX_HEADER = YES;
				GCC_PREFIX_HEADER = MorselTargets/MorselBrowser/Source/Prefix.pch;
				INFOPLIST_FILE = MorselTargets/MorselBrowser/Resources/Info.plist;
				OTHER_CFLAGS = "-DNS_BLOCK_ASSERTIONS=1";
				PRODUCT_NAME = "$(TARGET_NAME)";
				TARGETED_DEVICE_FAMILY = "1,2";
				WRAPPER_EXTENSION = app;
			};
			name = Release;
		};
		45B581721694C95700153631 /* Debug */ = {
			isa = XCBuildConfiguration;
			buildSettings = {
				"CODE_SIGN_IDENTITY[sdk=iphoneos*]" = "iPhone Developer";
				GCC_PRECOMPILE_PREFIX_HEADER = YES;
				GCC_PREFIX_HEADER = "MorselTargets/MorselMinimal/MorselMinimal-Prefix.pch";
				INFOPLIST_FILE = "MorselTargets/MorselMinimal/MorselMinimal-Info.plist";
				PRODUCT_NAME = "$(TARGET_NAME)";
				TARGETED_DEVICE_FAMILY = "1,2";
				WRAPPER_EXTENSION = app;
			};
			name = Debug;
		};
		45B581731694C95700153631 /* Release */ = {
			isa = XCBuildConfiguration;
			buildSettings = {
				"CODE_SIGN_IDENTITY[sdk=iphoneos*]" = "iPhone Developer";
				GCC_PRECOMPILE_PREFIX_HEADER = YES;
				GCC_PREFIX_HEADER = "MorselTargets/MorselMinimal/MorselMinimal-Prefix.pch";
				INFOPLIST_FILE = "MorselTargets/MorselMinimal/MorselMinimal-Info.plist";
				OTHER_CFLAGS = "-DNS_BLOCK_ASSERTIONS=1";
				PRODUCT_NAME = "$(TARGET_NAME)";
				TARGETED_DEVICE_FAMILY = "1,2";
				WRAPPER_EXTENSION = app;
			};
			name = Release;
		};
/* End XCBuildConfiguration section */

/* Begin XCConfigurationList section */
		45B57F931694B7B800153631 /* Build configuration list for PBXProject "Morsel" */ = {
			isa = XCConfigurationList;
			buildConfigurations = (
				45B57FA51694B7B800153631 /* Debug */,
				45B57FA61694B7B800153631 /* Release */,
			);
			defaultConfigurationIsVisible = 0;
			defaultConfigurationName = Release;
		};
		45B57FA71694B7B800153631 /* Build configuration list for PBXNativeTarget "MorselLibrary" */ = {
			isa = XCConfigurationList;
			buildConfigurations = (
				45B57FA81694B7B800153631 /* Debug */,
				45B57FA91694B7B800153631 /* Release */,
			);
			defaultConfigurationIsVisible = 0;
			defaultConfigurationName = Release;
		};
		45B580F41694BDB300153631 /* Build configuration list for PBXNativeTarget "MorselBrowser" */ = {
			isa = XCConfigurationList;
			buildConfigurations = (
				45B580F51694BDB300153631 /* Debug */,
				45B580F61694BDB300153631 /* Release */,
			);
			defaultConfigurationIsVisible = 0;
		};
		45B581711694C95700153631 /* Build configuration list for PBXNativeTarget "MorselMinimal" */ = {
			isa = XCConfigurationList;
			buildConfigurations = (
				45B581721694C95700153631 /* Debug */,
				45B581731694C95700153631 /* Release */,
			);
			defaultConfigurationIsVisible = 0;
		};
/* End XCConfigurationList section */
	};
	rootObject = 45B57F901694B7B800153631 /* Project object */;
}
